# @generated by Move, please check-in and do not edit manually.

[move]
version = 3
manifest_digest = "DA711BD55B4C1B58C6023997F561FFF48FB5D2B86171042937D1F5035F99D1EB"
deps_digest = "52B406A7A21811BEF51751CF88DA0E76DAEFFEAC888D4F4060B1A72BBE7D8D35"
dependencies = [
  { id = "Bridge", name = "Bridge" },
  { id = "IntegerMate", name = "IntegerMate" },
  { id = "MoveSTL", name = "MoveSTL" },
  { id = "MoveStdlib", name = "MoveStdlib" },
  { id = "Sui", name = "Sui" },
  { id = "SuiSystem", name = "SuiSystem" },
]

[[move.package]]
id = "Bridge"
source = { git = "https://github.com/MystenLabs/sui.git", rev = "3802482bd4e3", subdir = "crates/sui-framework/packages/bridge" }

dependencies = [
  { id = "MoveStdlib", name = "MoveStdlib" },
  { id = "Sui", name = "Sui" },
  { id = "SuiSystem", name = "SuiSystem" },
]

[[move.package]]
id = "IntegerMate"
source = { git = "https://github.com/CetusProtocol/integer-mate.git", rev = "mainnet-v1.48.2", subdir = "sui" }

dependencies = [
  { id = "Bridge", name = "Bridge" },
  { id = "MoveStdlib", name = "MoveStdlib" },
  { id = "Sui", name = "Sui" },
  { id = "SuiSystem", name = "SuiSystem" },
]

[[move.package]]
id = "MoveSTL"
source = { git = "https://github.com/CetusProtocol/move-stl.git", rev = "mainnet-v1.48.2", subdir = "sui" }

dependencies = [
  { id = "Bridge", name = "Bridge" },
  { id = "MoveStdlib", name = "MoveStdlib" },
  { id = "Sui", name = "Sui" },
  { id = "SuiSystem", name = "SuiSystem" },
]

[[move.package]]
id = "MoveStdlib"
source = { git = "https://github.com/MystenLabs/sui.git", rev = "3802482bd4e3", subdir = "crates/sui-framework/packages/move-stdlib" }

[[move.package]]
id = "Sui"
source = { git = "https://github.com/MystenLabs/sui.git", rev = "3802482bd4e3", subdir = "crates/sui-framework/packages/sui-framework" }

dependencies = [
  { id = "MoveStdlib", name = "MoveStdlib" },
]

[[move.package]]
id = "SuiSystem"
source = { git = "https://github.com/MystenLabs/sui.git", rev = "3802482bd4e3", subdir = "crates/sui-framework/packages/sui-system" }

dependencies = [
  { id = "MoveStdlib", name = "MoveStdlib" },
  { id = "Sui", name = "Sui" },
]

[move.toolchain-version]
compiler-version = "1.48.2"
edition = "2024"
flavor = "sui"

[env]

[env.mainnet]
chain-id = "35834a8a"
original-published-id = "0x533fab9a116080e2cb1c87f1832c1bf4231ab4c32318ced041e75cc28604bba9"
latest-published-id = "0x533fab9a116080e2cb1c87f1832c1bf4231ab4c32318ced041e75cc28604bba9"
published-version = "1"
