# @generated by Move, please check-in and do not edit manually.

[move]
version = 3
manifest_digest = "3343C8F9B44CEACE7EC0A5BF8954378CE838D92F78D0AB4796AB6A2B9EE02BD8"
deps_digest = "CAFAD8A7CF51067FB4358215BECB86BD100DD64E57C2AC8A7AE7D74B688F5965"
dependencies = [
  { id = "Bridge", name = "Bridge" },
  { id = "Cetus", name = "Cetus" },
  { id = "CetusClmm", name = "CetusClmm" },
  { id = "IntegerMate", name = "IntegerMate" },
  { id = "MoveStdlib", name = "MoveStdlib" },
  { id = "Sui", name = "Sui" },
  { id = "SuiSystem", name = "SuiSystem" },
]

[[move.package]]
id = "Bridge"
source = { git = "https://github.com/MystenLabs/sui.git", rev = "b5633abb4177", subdir = "crates/sui-framework/packages/bridge" }

dependencies = [
  { id = "MoveStdlib", name = "MoveStdlib" },
  { id = "Sui", name = "Sui" },
  { id = "SuiSystem", name = "SuiSystem" },
]

[[move.package]]
id = "Cetus"
source = { git = "https://github.com/CetusProtocol/cetus-clmm-interface.git", rev = "mainnet-v1.48.2", subdir = "sui/token/cetus" }

dependencies = [
  { id = "Bridge", name = "Bridge" },
  { id = "MoveStdlib", name = "MoveStdlib" },
  { id = "Sui", name = "Sui" },
  { id = "SuiSystem", name = "SuiSystem" },
]

[[move.package]]
id = "CetusClmm"
source = { git = "https://github.com/CetusProtocol/cetus-clmm-interface.git", rev = "mainnet-v1.49.0", subdir = "sui/cetus_clmm" }

dependencies = [
  { id = "Bridge", name = "Bridge" },
  { id = "IntegerMate", name = "IntegerMate" },
  { id = "MoveSTL", name = "MoveSTL" },
  { id = "MoveStdlib", name = "MoveStdlib" },
  { id = "Sui", name = "Sui" },
  { id = "SuiSystem", name = "SuiSystem" },
]

[[move.package]]
id = "IntegerMate"
source = { git = "https://github.com/CetusProtocol/integer-mate.git", rev = "sui-v1.2.0", subdir = "sui" }

dependencies = [
  { id = "Sui", name = "Sui" },
]

[[move.package]]
id = "MoveSTL"
source = { git = "https://github.com/CetusProtocol/move-stl.git", rev = "mainnet-v1.48.2", subdir = "sui" }

dependencies = [
  { id = "Bridge", name = "Bridge" },
  { id = "MoveStdlib", name = "MoveStdlib" },
  { id = "Sui", name = "Sui" },
  { id = "SuiSystem", name = "SuiSystem" },
]

[[move.package]]
id = "MoveStdlib"
source = { git = "https://github.com/MystenLabs/sui.git", rev = "b5633abb4177", subdir = "crates/sui-framework/packages/move-stdlib" }

[[move.package]]
id = "Sui"
source = { git = "https://github.com/MystenLabs/sui.git", rev = "b5633abb4177", subdir = "crates/sui-framework/packages/sui-framework" }

dependencies = [
  { id = "MoveStdlib", name = "MoveStdlib" },
]

[[move.package]]
id = "SuiSystem"
source = { git = "https://github.com/MystenLabs/sui.git", rev = "b5633abb4177", subdir = "crates/sui-framework/packages/sui-system" }

dependencies = [
  { id = "MoveStdlib", name = "MoveStdlib" },
  { id = "Sui", name = "Sui" },
]

[move.toolchain-version]
compiler-version = "1.49.1"
edition = "2024.beta"
flavor = "sui"

[env]

[env.mainnet]
chain-id = "35834a8a"
original-published-id = "0x9d2f067d3b9d19ac0f8d2e5c2c393b1760232083e42005b2e5df39c06064d522"
latest-published-id = "0x9d2f067d3b9d19ac0f8d2e5c2c393b1760232083e42005b2e5df39c06064d522"
published-version = "1"
