# @generated by Move, please check-in and do not edit manually.

[move]
version = 0
manifest_digest = "5189D4FD2A110B9A651151EA9D3F19AB58AE229CFB4EE5652D763F174E6C1FCB"
deps_digest = "060AD7E57DFB13104F21BE5F5C3759D03F0553FC3229247D9A7A6B45F50D03A3"

dependencies = [
  { name = "IntegerMate" },
  { name = "MoveSTL" },
  { name = "Sui" },
]

[[move.package]]
name = "IntegerMate"
source = { git = "https://github.com/CetusProtocol/integer-mate.git", rev = "sui-testnet", subdir = "sui" }

dependencies = [
  { name = "Sui" },
]

[[move.package]]
name = "MoveSTL"
source = { git = "https://github.com/CetusProtocol/move-stl.git", rev = "sui-testnet", subdir = "sui" }

dependencies = [
  { name = "Sui" },
]

[[move.package]]
name = "MoveStdlib"
source = { git = "https://github.com/MystenLabs/sui.git", rev = "mainnet-v1.6.3", subdir = "crates/sui-framework/packages/move-stdlib" }

[[move.package]]
name = "Sui"
source = { git = "https://github.com/MystenLabs/sui.git", rev = "mainnet-v1.6.3", subdir = "crates/sui-framework/packages/sui-framework" }

dependencies = [
  { name = "MoveStdlib" },
]

[move.toolchain-version]
compiler-version = "1.19.1"
edition = "legacy"
flavor = "sui"
