# @generated by Move, please check-in and do not edit manually.

[move]
version = 2
manifest_digest = "2EA60C0E10FE4AA06EB3B1A08FE6E42D2557BAEECBC141799142D5DB37FD49E8"
deps_digest = "060AD7E57DFB13104F21BE5F5C3759D03F0553FC3229247D9A7A6B45F50D03A3"
dependencies = [
  { name = "IntegerMate" },
  { name = "MoveSTL" },
  { name = "Sui" },
]

[[move.package]]
name = "IntegerMate"
source = { git = "https://github.com/CetusProtocol/integer-mate.git", rev = "testnet-v1.23.1", subdir = "sui" }

dependencies = [
  { name = "Sui" },
]

[[move.package]]
name = "MoveSTL"
source = { git = "https://github.com/CetusProtocol/move-stl.git", rev = "testnet-v1.23.1", subdir = "sui" }

dependencies = [
  { name = "Sui" },
]

[[move.package]]
name = "MoveStdlib"
source = { git = "https://github.com/MystenLabs/sui.git", rev = "mainnet-v1.35.1", subdir = "crates/sui-framework/packages/move-stdlib" }

[[move.package]]
name = "Sui"
source = { git = "https://github.com/MystenLabs/sui.git", rev = "mainnet-v1.35.1", subdir = "crates/sui-framework/packages/sui-framework" }

dependencies = [
  { name = "MoveStdlib" },
]

[move.toolchain-version]
compiler-version = "1.32.2"
edition = "2024.beta"
flavor = "sui"
