# @generated by Move, please check-in and do not edit manually.

[move]
version = 3
manifest_digest = "127BFC63D86E5252AF3FC8D19135AF7C87F9FB1A950DF93867C102DB66BB9A9F"
deps_digest = "397E6A9F7A624706DBDFEE056CE88391A15876868FD18A88504DA74EB458D697"
dependencies = [
  { id = "Bridge", name = "Bridge" },
  { id = "MoveSTL", name = "MoveSTL" },
  { id = "MoveStdlib", name = "MoveStdlib" },
  { id = "Sui", name = "Sui" },
  { id = "SuiSystem", name = "SuiSystem" },
]

[[move.package]]
id = "Bridge"
source = { git = "https://github.com/MystenLabs/sui.git", rev = "4e8b6eda7d6411d80c62f39ac8a4f028e8d174c4", subdir = "crates/sui-framework/packages/bridge" }

dependencies = [
  { id = "MoveStdlib", name = "MoveStdlib" },
  { id = "Sui", name = "Sui" },
  { id = "SuiSystem", name = "SuiSystem" },
]

[[move.package]]
id = "MoveSTL"
source = { git = "https://github.com/CetusProtocol/move-stl.git", rev = "mainnet-v1.3.0", subdir = "" }

dependencies = [
  { id = "Bridge", name = "Bridge" },
  { id = "MoveStdlib", name = "MoveStdlib" },
  { id = "Sui", name = "Sui" },
  { id = "SuiSystem", name = "SuiSystem" },
]

[[move.package]]
id = "MoveStdlib"
source = { git = "https://github.com/MystenLabs/sui.git", rev = "4e8b6eda7d6411d80c62f39ac8a4f028e8d174c4", subdir = "crates/sui-framework/packages/move-stdlib" }

[[move.package]]
id = "Sui"
source = { git = "https://github.com/MystenLabs/sui.git", rev = "4e8b6eda7d6411d80c62f39ac8a4f028e8d174c4", subdir = "crates/sui-framework/packages/sui-framework" }

dependencies = [
  { id = "MoveStdlib", name = "MoveStdlib" },
]

[[move.package]]
id = "SuiSystem"
source = { git = "https://github.com/MystenLabs/sui.git", rev = "4e8b6eda7d6411d80c62f39ac8a4f028e8d174c4", subdir = "crates/sui-framework/packages/sui-system" }

dependencies = [
  { id = "MoveStdlib", name = "MoveStdlib" },
  { id = "Sui", name = "Sui" },
]

[move.toolchain-version]
compiler-version = "1.58.1"
edition = "2024.beta"
flavor = "sui"

[env]

[env.mainnet]
chain-id = "35834a8a"
original-published-id = "0x587614620d0d30aed66d86ffd3ba385a661a86aa573a4d579017068f561c6d8f"
latest-published-id = "0x587614620d0d30aed66d86ffd3ba385a661a86aa573a4d579017068f561c6d8f"
published-version = "1"
