# @generated by Move, please check-in and do not edit manually.

[move]
version = 2
manifest_digest = "DABD991738AE3156E1585A2867BF46F44CAD410E4DBF7D863760F0F4DF6C474A"
deps_digest = "060AD7E57DFB13104F21BE5F5C3759D03F0553FC3229247D9A7A6B45F50D03A3"
dependencies = [
  { name = "MoveSTL" },
  { name = "Sui" },
  { name = "Xcetus" },
]

[[move.package]]
name = "Cetus"
source = { local = "../cetus" }

dependencies = [
  { name = "Sui" },
]

[[move.package]]
name = "MoveSTL"
source = { git = "https://github.com/CetusProtocol/move-stl.git", rev = "mainnet-v1.23.1", subdir = "sui" }

dependencies = [
  { name = "Sui" },
]

[[move.package]]
name = "MoveStdlib"
source = { git = "https://github.com/MystenLabs/sui.git", rev = "mainnet-v1.35.1", subdir = "crates/sui-framework/packages/move-stdlib" }

[[move.package]]
name = "Sui"
source = { git = "https://github.com/MystenLabs/sui.git", rev = "mainnet-v1.35.1", subdir = "crates/sui-framework/packages/sui-framework" }

dependencies = [
  { name = "MoveStdlib" },
]

[[move.package]]
name = "Xcetus"
source = { local = "../xcetus" }

dependencies = [
  { name = "Cetus" },
  { name = "MoveSTL" },
  { name = "Sui" },
]

[move.toolchain-version]
compiler-version = "1.32.2"
edition = "2024.beta"
flavor = "sui"
